lockfileVersion: '9.0'

settings:
  autoInstallPeers: true
  excludeLinksFromLockfile: false

importers:

  .:
    dependencies:
      '@tanstack/react-query':
        specifier: ^5.100.11
        version: 5.100.11(react@19.2.6)
      '@trpc/client':
        specifier: ^11.17.0
        version: 11.17.0(@trpc/server@11.17.0(typescript@6.0.3))(typescript@6.0.3)
      '@trpc/server':
        specifier: ^11.17.0
        version: 11.17.0(typescript@6.0.3)
      '@trpc/tanstack-react-query':
        specifier: ^11.17.0
        version: 11.17.0(@tanstack/react-query@5.100.11(react@19.2.6))(@trpc/client@11.17.0(@trpc/server@11.17.0(typescript@6.0.3))(typescript@6.0.3))(@trpc/server@11.17.0(typescript@6.0.3))(react@19.2.6)(typescript@6.0.3)
      event-source-polyfill:
        specifier: ^1.0.31
        version: 1.0.31
      react:
        specifier: ^19.2.6
        version: 19.2.6
      react-dom:
        specifier: ^19.2.6
        version: 19.2.6(react@19.2.6)
      ws:
        specifier: ^8.20.0
        version: 8.20.0
      zod:
        specifier: ^4.4.3
        version: 4.4.3
    devDependencies:
      '@rsbuild/core':
        specifier: ^2.0.6
        version: 2.0.6
      '@rsbuild/plugin-react':
        specifier: ^2.0.0
        version: 2.0.0(@rsbuild/core@2.0.6)(@rspack/core@2.0.4(@swc/helpers@0.5.21))
      '@tailwindcss/postcss':
        specifier: ^4.3.0
        version: 4.3.0
      '@types/event-source-polyfill':
        specifier: ^1.0.5
        version: 1.0.5
      '@types/node':
        specifier: ^25.9.1
        version: 25.9.1
      '@types/react':
        specifier: ^19.2.14
        version: 19.2.15
      '@types/react-dom':
        specifier: ^19.2.3
        version: 19.2.3(@types/react@19.2.15)
      '@types/ws':
        specifier: ^8.18.1
        version: 8.18.1
      concurrently:
        specifier: ^9.2.1
        version: 9.2.1
      tailwindcss:
        specifier: ^4.3.0
        version: 4.3.0
      typescript:
        specifier: ^6.0.3
        version: 6.0.3

packages:

  '@alloc/quick-lru@5.2.0':
    resolution: {integrity: sha512-UrcABB+4bUrFABwbluTIBErXwvbsU/V7TZWfmbgJfbkwiBuziS9gxdODUyuiecfdGQ85jglMW6juS3+z5TsKLw==}
    engines: {node: '>=10'}

  '@emnapi/core@1.10.0':
    resolution: {integrity: sha512-yq6OkJ4p82CAfPl0u9mQebQHKPJkY7WrIuk205cTYnYe+k2Z8YBh11FrbRG/H6ihirqcacOgl2BIO8oyMQLeXw==}

  '@emnapi/runtime@1.10.0':
    resolution: {integrity: sha512-ewvYlk86xUoGI0zQRNq/mC+16R1QeDlKQy21Ki3oSYXNgLb45GV1P6A0M+/s6nyCuNDqe5VpaY84BzXGwVbwFA==}

  '@emnapi/wasi-threads@1.2.1':
    resolution: {integrity: sha512-uTII7OYF+/Mes/MrcIOYp5yOtSMLBWSIoLPpcgwipoiKbli6k322tcoFsxoIIxPDqW01SQGAgko4EzZi2BNv2w==}

  '@jridgewell/gen-mapping@0.3.13':
    resolution: {integrity: sha512-2kkt/7niJ6MgEPxF0bYdQ6etZaA+fQvDcLKckhy1yIQOzaoKjBBjSj63/aLVjYE3qhRt5dvM+uUyfCg6UKCBbA==}

  '@jridgewell/remapping@2.3.5':
    resolution: {integrity: sha512-LI9u/+laYG4Ds1TDKSJW2YPrIlcVYOwi2fUC6xB43lueCjgxV4lffOCZCtYFiH6TNOX+tQKXx97T4IKHbhyHEQ==}

  '@jridgewell/resolve-uri@3.1.2':
    resolution: {integrity: sha512-bRISgCIjP20/tbWSPWMEi54QVPRZExkuD9lJL+UIxUKtwVJA8wW1Trb1jMs1RFXo1CBTNZ/5hpC9QvmKWdopKw==}
    engines: {node: '>=6.0.0'}

  '@jridgewell/sourcemap-codec@1.5.5':
    resolution: {integrity: sha512-cYQ9310grqxueWbl+WuIUIaiUaDcj7WOq5fVhEljNVgRfOUhY9fy2zTvfoqWsnebh8Sl70VScFbICvJnLKB0Og==}

  '@jridgewell/trace-mapping@0.3.31':
    resolution: {integrity: sha512-zzNR+SdQSDJzc8joaeP8QQoCQr8NuYx2dIIytl1QeBEZHJ9uW6hebsrYgbz8hJwUQao3TWCMtmfV8Nu1twOLAw==}

  '@napi-rs/wasm-runtime@1.1.4':
    resolution: {integrity: sha512-3NQNNgA1YSlJb/kMH1ildASP9HW7/7kYnRI2szWJaofaS1hWmbGI4H+d3+22aGzXXN9IJ+n+GiFVcGipJP18ow==}
    peerDependencies:
      '@emnapi/core': ^1.7.1
      '@emnapi/runtime': ^1.7.1

  '@rsbuild/core@2.0.6':
    resolution: {integrity: sha512-0/u7oTgPp9NsL7E7qXzYiOOPAsOJiDbOr0FmG6gizJDIpYK8nospogNrwQ00SG0had9fdhLI7XkhP160IaLnWw==}
    engines: {node: ^20.19.0 || >=22.12.0}
    hasBin: true
    peerDependencies:
      core-js: '>= 3.0.0'
    peerDependenciesMeta:
      core-js:
        optional: true

  '@rsbuild/plugin-react@2.0.0':
    resolution: {integrity: sha512-/1gzt39EGUSFEqB83g46QoOwsgv172HI18i6au1b6lgIaX4sv9stuX4ijdHbHCp8PqYEq+MyQ99jIQMO6I+etg==}
    peerDependencies:
      '@rsbuild/core': ^2.0.0-0
    peerDependenciesMeta:
      '@rsbuild/core':
        optional: true

  '@rspack/binding-darwin-arm64@2.0.4':
    resolution: {integrity: sha512-0Q1QXFEsZfDc4opiDnb8q50KlBbC2VovViDaYlMJZBzvjAo325mh3itXPfz7YZ31M+TxRE7TUiJXH3ltiV1Hdg==}
    cpu: [arm64]
    os: [darwin]

  '@rspack/binding-darwin-x64@2.0.4':
    resolution: {integrity: sha512-oO5J2QYf7+H+aYRj85EiGrDOoDEE9EDDl7NgXv46iWvIF0wXowEHXqnjMFxHxRq2Vf6scT+0yYQX9blWcvMWAA==}
    cpu: [x64]
    os: [darwin]

  '@rspack/binding-linux-arm64-gnu@2.0.4':
    resolution: {integrity: sha512-BEk6mIYBK4BihW9qXXITJORrVXecTlkRjrqhgefili4xjXtLdcUnxAm9sN/2oJ8m378n2h33qDh4gr2orPBFWQ==}
    cpu: [arm64]
    os: [linux]
    libc: [glibc]

  '@rspack/binding-linux-arm64-musl@2.0.4':
    resolution: {integrity: sha512-Hyt3z1RwNcSMIoaoWLN4Hb/696/O5JPukf8rXQASvf2UkC+X3ij7tr+8lMSYi3Zysi1QL375CnT4fNoABEW0JA==}
    cpu: [arm64]
    os: [linux]
    libc: [musl]

  '@rspack/binding-linux-x64-gnu@2.0.4':
    resolution: {integrity: sha512-xHorBPBZAg0Pn9Q0k9dWZ9euowieDxcSOzQ9JhTCmhDY6wZH5M/kCBFlCs/OQeW5/NUArW3x3MwEdO/0QJHMxg==}
    cpu: [x64]
    os: [linux]
    libc: [glibc]

  '@rspack/binding-linux-x64-musl@2.0.4':
    resolution: {integrity: sha512-QLxEGUXofF0kVNU12Y2NT3Qi9lGs+WbnYpapVeb+2IXtrAXJfU7Rhy7lAp5GLMzYMQNrKKL9SVnTWKbODbNW9Q==}
    cpu: [x64]
    os: [linux]
    libc: [musl]

  '@rspack/binding-wasm32-wasi@2.0.4':
    resolution: {integrity: sha512-YhN8HkiH46ONU9tm5dyoXDImDWGpU7E4SPqGI4OyAVF0445uIChurIUmTIOYcD6cg81GGeIjozWJOcb635Dcqw==}
    cpu: [wasm32]

  '@rspack/binding-win32-arm64-msvc@2.0.4':
    resolution: {integrity: sha512-MUlYIz82xQRN0aoiXXyEBrNVUwiOSSFRi7nuCgUKduaSdlbPWzCY31IdtOygZ06LVp5JIGUEtyqSrjQq4FrMRw==}
    cpu: [arm64]
    os: [win32]

  '@rspack/binding-win32-ia32-msvc@2.0.4':
    resolution: {integrity: sha512-D7UcIFMzlY2yhhyuW4Ej15gBWmTwUM5DxuObl3Kv31qRv/pmV3MsqUeG5m2dqLbUxzqPH87qnp0cArbkJQ1b+w==}
    cpu: [ia32]
    os: [win32]

  '@rspack/binding-win32-x64-msvc@2.0.4':
    resolution: {integrity: sha512-MnYKPfdrAEbtpKg/1SZ6cNtzreIRyQJK4APbxLLPXENdTH5QXQkaTjLMKEeJcJ51FRhI/+yNpOUm2oTHdCQ1Og==}
    cpu: [x64]
    os: [win32]

  '@rspack/binding@2.0.4':
    resolution: {integrity: sha512-/QeJDPUw/lWkBJESG264KA9u6/rAjvoJhKncU4rkTi5Ap45kue5HTgOzr0ufxKdd2Xl72fjFBuqlKmtFDD5LiQ==}

  '@rspack/core@2.0.4':
    resolution: {integrity: sha512-OuxdQeeKWQpNvFBRDOcnoSaQvp6E4APM/6JJMM/k0p6oL1TEFQVGdNu3VGY4mRAsebnNBXapMVMhj+v66Bn2pg==}
    engines: {node: ^20.19.0 || >=22.12.0}
    peerDependencies:
      '@module-federation/runtime-tools': ^0.24.1 || ^2.0.0
      '@swc/helpers': '>=0.5.1'
    peerDependenciesMeta:
      '@module-federation/runtime-tools':
        optional: true
      '@swc/helpers':
        optional: true

  '@rspack/plugin-react-refresh@2.0.0':
    resolution: {integrity: sha512-Cf6CxBStNDJbiXMc/GmsvG1G8PRlUpa0MSfWsMTI+e8npzuTN/p8nwLs3shriBZOLciqgkSZpBtPTd10BLpj1g==}
    peerDependencies:
      '@rspack/core': ^2.0.0-0
      react-refresh: '>=0.10.0 <1.0.0'
    peerDependenciesMeta:
      '@rspack/core':
        optional: true

  '@swc/helpers@0.5.21':
    resolution: {integrity: sha512-jI/VAmtdjB/RnI8GTnokyX7Ug8c+g+ffD6QRLa6XQewtnGyukKkKSk3wLTM3b5cjt1jNh9x0jfVlagdN2gDKQg==}

  '@tailwindcss/node@4.3.0':
    resolution: {integrity: sha512-aFb4gUhFOgdh9AXo4IzBEOzBkkAxm9VigwDJnMIYv3lcfXCJVesNfbEaBl4BNgVRyid92AmdviqwBUBRKSeY3g==}

  '@tailwindcss/oxide-android-arm64@4.3.0':
    resolution: {integrity: sha512-TJPiq67tKlLuObP6RkwvVGDoxCMBVtDgKkLfa/uyj7/FyxvQwHS+UOnVrXXgbEsfUaMgiVvC4KbJnRr26ho4Ng==}
    engines: {node: '>= 20'}
    cpu: [arm64]
    os: [android]

  '@tailwindcss/oxide-darwin-arm64@4.3.0':
    resolution: {integrity: sha512-oMN/WZRb+SO37BmUElEgeEWuU8E/HXRkiODxJxLe1UTHVXLrdVSgfaJV7pSlhRGMSOiXLuxTIjfsF3wYvz8cgQ==}
    engines: {node: '>= 20'}
    cpu: [arm64]
    os: [darwin]

  '@tailwindcss/oxide-darwin-x64@4.3.0':
    resolution: {integrity: sha512-N6CUmu4a6bKVADfw77p+iw6Yd9Q3OBhe0veaDX+QazfuVYlQsHfDgxBrsjQ/IW+zywL8mTrNd0SdJT/zgtvMdA==}
    engines: {node: '>= 20'}
    cpu: [x64]
    os: [darwin]

  '@tailwindcss/oxide-freebsd-x64@4.3.0':
    resolution: {integrity: sha512-zDL5hBkQdH5C6MpqbK3gQAgP80tsMwSI26vjOzjJtNCMUo0lFgOItzHKBIupOZNQxt3ouPH7RPhvNhiTfCe5CQ==}
    engines: {node: '>= 20'}
    cpu: [x64]
    os: [freebsd]

  '@tailwindcss/oxide-linux-arm-gnueabihf@4.3.0':
    resolution: {integrity: sha512-R06HdNi7A7OEoMsf6d4tjZ71RCWnZQPHj2mnotSFURjNLdBC+cIgXQ7l81CqeoiQftjf6OOblxXMInMgN2VzMA==}
    engines: {node: '>= 20'}
    cpu: [arm]
    os: [linux]

  '@tailwindcss/oxide-linux-arm64-gnu@4.3.0':
    resolution: {integrity: sha512-qTJHELX8jetjhRQHCLilkVLmybpzNQAtaI/gaoVoidn/ufbNDbAo8KlK2J+yPoc8wQxvDxCmh/5lr8nC1+lTbg==}
    engines: {node: '>= 20'}
    cpu: [arm64]
    os: [linux]
    libc: [glibc]

  '@tailwindcss/oxide-linux-arm64-musl@4.3.0':
    resolution: {integrity: sha512-Z6sukiQsngnWO+l39X4pPbiWT81IC+PLKF+PHxIlyZbGNb9MODfYlXEVlFvej5BOZInWX01kVyzeLvHsXhfczQ==}
    engines: {node: '>= 20'}
    cpu: [arm64]
    os: [linux]
    libc: [musl]

  '@tailwindcss/oxide-linux-x64-gnu@4.3.0':
    resolution: {integrity: sha512-DRNdQRpSGzRGfARVuVkxvM8Q12nh19l4BF/G7zGA1oe+9wcC6saFBHTISrpIcKzhiXtSrlSrluCfvMuledoCTQ==}
    engines: {node: '>= 20'}
    cpu: [x64]
    os: [linux]
    libc: [glibc]

  '@tailwindcss/oxide-linux-x64-musl@4.3.0':
    resolution: {integrity: sha512-Z0IADbDo8bh6I7h2IQMx601AdXBLfFpEdUotft86evd/8ZPflZe9COPO8Q1vw+pfLWIUo9zN/JGZvwuAJqduqg==}
    engines: {node: '>= 20'}
    cpu: [x64]
    os: [linux]
    libc: [musl]

  '@tailwindcss/oxide-wasm32-wasi@4.3.0':
    resolution: {integrity: sha512-HNZGOUxEmElksYR7S6sC5jTeNGpobAsy9u7Gu0AskJ8/20FR9GqebUyB+HBcU/ax6BHuiuJi+Oda4B+YX6H1yA==}
    engines: {node: '>=14.0.0'}
    cpu: [wasm32]
    bundledDependencies:
      - '@napi-rs/wasm-runtime'
      - '@emnapi/core'
      - '@emnapi/runtime'
      - '@tybys/wasm-util'
      - '@emnapi/wasi-threads'
      - tslib

  '@tailwindcss/oxide-win32-arm64-msvc@4.3.0':
    resolution: {integrity: sha512-Pe+RPVTi1T+qymuuRpcdvwSVZjnll/f7n8gBxMMh3xLTctMDKqpdfGimbMyioqtLhUYZxdJ9wGNhV7MKHvgZsQ==}
    engines: {node: '>= 20'}
    cpu: [arm64]
    os: [win32]

  '@tailwindcss/oxide-win32-x64-msvc@4.3.0':
    resolution: {integrity: sha512-Mvrf2kXW/yeW/OTezZlCGOirXRcUuLIBx/5Y12BaPM7wJoryG6dfS/NJL8aBPqtTEx/Vm4T4vKzFUcKDT+TKUA==}
    engines: {node: '>= 20'}
    cpu: [x64]
    os: [win32]

  '@tailwindcss/oxide@4.3.0':
    resolution: {integrity: sha512-F7HZGBeN9I0/AuuJS5PwcD8xayx5ri5GhjYUDBEVYUkexyA/giwbDNjRVrxSezE3T250OU2K/wp/ltWx3UOefg==}
    engines: {node: '>= 20'}

  '@tailwindcss/postcss@4.3.0':
    resolution: {integrity: sha512-Jm05Tjx+9yCLGv5qw1c+84Psds8MnyrEQYCB+FFk2lgGiUjlRqdxke4mVTuYrj2xnVZqKim2Apr5ySuQRYAw/w==}

  '@tanstack/query-core@5.100.11':
    resolution: {integrity: sha512-lmE0994apShXPj8CUxgx4ch5yUJhE9k/+tVwihBvPOyerACWdBocfFg24t8+0RhtlTd7tEgchDkhlCxNssvDxw==}

  '@tanstack/react-query@5.100.11':
    resolution: {integrity: sha512-J0f9s5x3LE1450nNNfYx+e/n0DMa0uOBdFJUy5r0RvmsXd4nB/n0rbHtHI1vYXhikNFan+wf51p6Tmp4c8ucrg==}
    peerDependencies:
      react: ^18 || ^19

  '@trpc/client@11.17.0':
    resolution: {integrity: sha512-KpJBFrbKTDeVCFv/3ckL1XBBH5Yssn8hethI/rUy7GIpTj+VzjtPjykDqJpzobuVOz+d26cXCSu1t4I6MYI5Zg==}
    hasBin: true
    peerDependencies:
      '@trpc/server': 11.17.0
      typescript: '>=5.7.2'

  '@trpc/server@11.17.0':
    resolution: {integrity: sha512-jbAOUe0PpUTCYqziyu+8vYXZdDXPudZgnEhWCQ2NjKnVEjfE93RqHTt1oycZJv/HNf51YlRXfEEwSIAbb161rw==}
    hasBin: true
    peerDependencies:
      typescript: '>=5.7.2'

  '@trpc/tanstack-react-query@11.17.0':
    resolution: {integrity: sha512-OFxjvCgisP0yaCj7lgP6qPaFwJvJDgnrAUxH3cNIPPR89TpYbndn5vsdKNkc7EnvER9b6wq9Yz8aCcPcOBpDXg==}
    hasBin: true
    peerDependencies:
      '@tanstack/react-query': ^5.80.3
      '@trpc/client': 11.17.0
      '@trpc/server': 11.17.0
      react: '>=18.2.0'
      typescript: '>=5.7.2'

  '@tybys/wasm-util@0.10.2':
    resolution: {integrity: sha512-RoBvJ2X0wuKlWFIjrwffGw1IqZHKQqzIchKaadZZfnNpsAYp2mM0h36JtPCjNDAHGgYez/15uMBpfGwchhiMgg==}

  '@types/event-source-polyfill@1.0.5':
    resolution: {integrity: sha512-iaiDuDI2aIFft7XkcwMzDWLqo7LVDixd2sR6B4wxJut9xcp/Ev9bO4EFg4rm6S9QxATLBj5OPxdeocgmhjwKaw==}

  '@types/node@25.6.2':
    resolution: {integrity: sha512-sokuT28dxf9JT5Kady1fsXOvI4HVpjZa95NKT5y9PNTIrs2AsobR4GFAA90ZG8M+nxVRLysCXsVj6eGC7Vbrlw==}

  '@types/node@25.9.1':
    resolution: {integrity: sha512-xfrlY7UD5rMJk3ZVJP8BNzS28J36YJg+xp+LPXV1TdWxr8uMH5A860QNxYDGQe/ylDSgjxE52Q9VnO7p75tJxg==}

  '@types/react-dom@19.2.3':
    resolution: {integrity: sha512-jp2L/eY6fn+KgVVQAOqYItbF0VY/YApe5Mz2F0aykSO8gx31bYCZyvSeYxCHKvzHG5eZjc+zyaS5BrBWya2+kQ==}
    peerDependencies:
      '@types/react': ^19.2.0

  '@types/react@19.2.15':
    resolution: {integrity: sha512-eRwcGNHve+E8qtEQSSRl6urh+rFop4v8gm6O8rGv25CodbvFdLjA1vVQ1KkiFE0w0UPOnb8tDiFKL5lp0rtY5Q==}

  '@types/ws@8.18.1':
    resolution: {integrity: sha512-ThVF6DCVhA8kUGy+aazFQ4kXQ7E1Ty7A3ypFOe0IcJV8O/M511G99AW24irKrW56Wt44yG9+ij8FaqoBGkuBXg==}

  ansi-regex@5.0.1:
    resolution: {integrity: sha512-quJQXlTSUGL2LH9SUXo8VwsY4soanhgo6LNSm84E1LBcE8s3O0wpdiRzyR9z/ZZJMlMWv37qOOb9pdJlMUEKFQ==}
    engines: {node: '>=8'}

  ansi-styles@4.3.0:
    resolution: {integrity: sha512-zbB9rCJAT1rbjiVDb2hqKFHNYLxgtk8NURxZ3IZwD3F6NtxbXZQCnnSi1Lkx+IDohdPlFp222wVALIheZJQSEg==}
    engines: {node: '>=8'}

  chalk@4.1.2:
    resolution: {integrity: sha512-oKnbhFyRIXpUuez8iBMmyEa4nbj4IOQyuhc/wy9kY7/WVPcwIO9VA668Pu8RkO7+0G76SLROeyw9CpQ061i4mA==}
    engines: {node: '>=10'}

  cliui@8.0.1:
    resolution: {integrity: sha512-BSeNnyus75C4//NQ9gQt1/csTXyo/8Sb+afLAkzAptFuMsod9HFokGNudZpi/oQV73hnVK+sR+5PVRMd+Dr7YQ==}
    engines: {node: '>=12'}

  color-convert@2.0.1:
    resolution: {integrity: sha512-RRECPsj7iu/xb5oKYcsFHSppFNnsj/52OVTRKb4zP5onXwVF3zVmmToNcOfGC+CRDpfK/U584fMg38ZHCaElKQ==}
    engines: {node: '>=7.0.0'}

  color-name@1.1.4:
    resolution: {integrity: sha512-dOy+3AuW3a2wNbZHIuMZpTcgjGuLU/uBL/ubcZF9OXbDo8ff4O8yVp5Bf0efS8uEoYo5q4Fx7dY9OgQGXgAsQA==}

  concurrently@9.2.1:
    resolution: {integrity: sha512-fsfrO0MxV64Znoy8/l1vVIjjHa29SZyyqPgQBwhiDcaW8wJc2W3XWVOGx4M3oJBnv/zdUZIIp1gDeS98GzP8Ng==}
    engines: {node: '>=18'}
    hasBin: true

  csstype@3.2.3:
    resolution: {integrity: sha512-z1HGKcYy2xA8AGQfwrn0PAy+PB7X/GSj3UVJW9qKyn43xWa+gl5nXmU4qqLMRzWVLFC8KusUX8T/0kCiOYpAIQ==}

  detect-libc@2.1.2:
    resolution: {integrity: sha512-Btj2BOOO83o3WyH59e8MgXsxEQVcarkUOpEYrubB0urwnN10yQ364rsiByU11nZlqWYZm05i/of7io4mzihBtQ==}
    engines: {node: '>=8'}

  emoji-regex@8.0.0:
    resolution: {integrity: sha512-MSjYzcWNOA0ewAHpz0MxpYFvwg6yjy1NG3xteoqz644VCo/RPgnr1/GGt+ic3iJTzQ8Eu3TdM14SawnVUmGE6A==}

  enhanced-resolve@5.21.6:
    resolution: {integrity: sha512-aNnGCvbJ/RIyWo1IuhNdVjnNF+EjH9wpzpNHt+ci/m9He9LJvUN8wrCcXjp9cWsGNAuvSpVFTx/vraAFQ8qGjQ==}
    engines: {node: '>=10.13.0'}

  escalade@3.2.0:
    resolution: {integrity: sha512-WUj2qlxaQtO4g6Pq5c29GTcWGDyd8itL8zTlipgECz3JesAiiOKotd8JU6otB3PACgG6xkJUyVhboMS+bje/jA==}
    engines: {node: '>=6'}

  event-source-polyfill@1.0.31:
    resolution: {integrity: sha512-4IJSItgS/41IxN5UVAVuAyczwZF7ZIEsM1XAoUzIHA6A+xzusEZUutdXz2Nr+MQPLxfTiCvqE79/C8HT8fKFvA==}

  get-caller-file@2.0.5:
    resolution: {integrity: sha512-DyFP3BM/3YHTQOCUL/w0OZHR0lpKeGrxotcHWcqNEdnltqFwXVfhEBQ94eIo34AfQpo0rGki4cyIiftY06h2Fg==}
    engines: {node: 6.* || 8.* || >= 10.*}

  graceful-fs@4.2.11:
    resolution: {integrity: sha512-RbJ5/jmFcNNCcDV5o9eTnBLJ/HszWV0P73bc+Ff4nS/rJj+YaS6IGyiOL0VoBYX+l1Wrl3k63h/KrH+nhJ0XvQ==}

  has-flag@4.0.0:
    resolution: {integrity: sha512-EykJT/Q1KjTWctppgIAgfSO0tKVuZUjhgMr17kqTumMl6Afv3EISleU7qZUzoXDFTAHTDC4NOoG/ZxU3EvlMPQ==}
    engines: {node: '>=8'}

  is-fullwidth-code-point@3.0.0:
    resolution: {integrity: sha512-zymm5+u+sCsSWyD9qNaejV3DFvhCKclKdizYaJUuHA83RLjb7nSuGnddCHGv0hk+KY7BMAlsWeK4Ueg6EV6XQg==}
    engines: {node: '>=8'}

  jiti@2.7.0:
    resolution: {integrity: sha512-AC/7JofJvZGrrneWNaEnJeOLUx+JlGt7tNa0wZiRPT4MY1wmfKjt2+6O2p2uz2+skll8OZZmJMNqeke7kKbNgQ==}
    hasBin: true

  lightningcss-android-arm64@1.32.0:
    resolution: {integrity: sha512-YK7/ClTt4kAK0vo6w3X+Pnm0D2cf2vPHbhOXdoNti1Ga0al1P4TBZhwjATvjNwLEBCnKvjJc2jQgHXH0NEwlAg==}
    engines: {node: '>= 12.0.0'}
    cpu: [arm64]
    os: [android]

  lightningcss-darwin-arm64@1.32.0:
    resolution: {integrity: sha512-RzeG9Ju5bag2Bv1/lwlVJvBE3q6TtXskdZLLCyfg5pt+HLz9BqlICO7LZM7VHNTTn/5PRhHFBSjk5lc4cmscPQ==}
    engines: {node: '>= 12.0.0'}
    cpu: [arm64]
    os: [darwin]

  lightningcss-darwin-x64@1.32.0:
    resolution: {integrity: sha512-U+QsBp2m/s2wqpUYT/6wnlagdZbtZdndSmut/NJqlCcMLTWp5muCrID+K5UJ6jqD2BFshejCYXniPDbNh73V8w==}
    engines: {node: '>= 12.0.0'}
    cpu: [x64]
    os: [darwin]

  lightningcss-freebsd-x64@1.32.0:
    resolution: {integrity: sha512-JCTigedEksZk3tHTTthnMdVfGf61Fky8Ji2E4YjUTEQX14xiy/lTzXnu1vwiZe3bYe0q+SpsSH/CTeDXK6WHig==}
    engines: {node: '>= 12.0.0'}
    cpu: [x64]
    os: [freebsd]

  lightningcss-linux-arm-gnueabihf@1.32.0:
    resolution: {integrity: sha512-x6rnnpRa2GL0zQOkt6rts3YDPzduLpWvwAF6EMhXFVZXD4tPrBkEFqzGowzCsIWsPjqSK+tyNEODUBXeeVHSkw==}
    engines: {node: '>= 12.0.0'}
    cpu: [arm]
    os: [linux]

  lightningcss-linux-arm64-gnu@1.32.0:
    resolution: {integrity: sha512-0nnMyoyOLRJXfbMOilaSRcLH3Jw5z9HDNGfT/gwCPgaDjnx0i8w7vBzFLFR1f6CMLKF8gVbebmkUN3fa/kQJpQ==}
    engines: {node: '>= 12.0.0'}
    cpu: [arm64]
    os: [linux]
    libc: [glibc]

  lightningcss-linux-arm64-musl@1.32.0:
    resolution: {integrity: sha512-UpQkoenr4UJEzgVIYpI80lDFvRmPVg6oqboNHfoH4CQIfNA+HOrZ7Mo7KZP02dC6LjghPQJeBsvXhJod/wnIBg==}
    engines: {node: '>= 12.0.0'}
    cpu: [arm64]
    os: [linux]
    libc: [musl]

  lightningcss-linux-x64-gnu@1.32.0:
    resolution: {integrity: sha512-V7Qr52IhZmdKPVr+Vtw8o+WLsQJYCTd8loIfpDaMRWGUZfBOYEJeyJIkqGIDMZPwPx24pUMfwSxxI8phr/MbOA==}
    engines: {node: '>= 12.0.0'}
    cpu: [x64]
    os: [linux]
    libc: [glibc]

  lightningcss-linux-x64-musl@1.32.0:
    resolution: {integrity: sha512-bYcLp+Vb0awsiXg/80uCRezCYHNg1/l3mt0gzHnWV9XP1W5sKa5/TCdGWaR/zBM2PeF/HbsQv/j2URNOiVuxWg==}
    engines: {node: '>= 12.0.0'}
    cpu: [x64]
    os: [linux]
    libc: [musl]

  lightningcss-win32-arm64-msvc@1.32.0:
    resolution: {integrity: sha512-8SbC8BR40pS6baCM8sbtYDSwEVQd4JlFTOlaD3gWGHfThTcABnNDBda6eTZeqbofalIJhFx0qKzgHJmcPTnGdw==}
    engines: {node: '>= 12.0.0'}
    cpu: [arm64]
    os: [win32]

  lightningcss-win32-x64-msvc@1.32.0:
    resolution: {integrity: sha512-Amq9B/SoZYdDi1kFrojnoqPLxYhQ4Wo5XiL8EVJrVsB8ARoC1PWW6VGtT0WKCemjy8aC+louJnjS7U18x3b06Q==}
    engines: {node: '>= 12.0.0'}
    cpu: [x64]
    os: [win32]

  lightningcss@1.32.0:
    resolution: {integrity: sha512-NXYBzinNrblfraPGyrbPoD19C1h9lfI/1mzgWYvXUTe414Gz/X1FD2XBZSZM7rRTrMA8JL3OtAaGifrIKhQ5yQ==}
    engines: {node: '>= 12.0.0'}

  magic-string@0.30.21:
    resolution: {integrity: sha512-vd2F4YUyEXKGcLHoq+TEyCjxueSeHnFxyyjNp80yg0XV4vUhnDer/lvvlqM/arB5bXQN5K2/3oinyCRyx8T2CQ==}

  nanoid@3.3.12:
    resolution: {integrity: sha512-ZB9RH/39qpq5Vu6Y+NmUaFhQR6pp+M2Xt76XBnEwDaGcVAqhlvxrl3B2bKS5D3NH3QR76v3aSrKaF/Kiy7lEtQ==}
    engines: {node: ^10 || ^12 || ^13.7 || ^14 || >=15.0.1}
    hasBin: true

  picocolors@1.1.1:
    resolution: {integrity: sha512-xceH2snhtb5M9liqDsmEw56le376mTZkEX/jEb/RxNFyegNul7eNslCXP9FDj/Lcu0X8KEyMceP2ntpaHrDEVA==}

  postcss@8.5.15:
    resolution: {integrity: sha512-FfR8sjd4em2T6fb3I2MwAJU7HWVMr9zba+enmQeeWFfCbm+UOC/0X4DS8XtpUTMwWMGbjKYP7xjfNekzyGmB3A==}
    engines: {node: ^10 || ^12 || >=14}

  react-dom@19.2.6:
    resolution: {integrity: sha512-0prMI+hvBbPjsWnxDLxlCGyM8PN6UuWjEUCYmZhO67xIV9Xasa/r/vDnq+Xyq4Lo27g8QSbO5YzARu0D1Sps3g==}
    peerDependencies:
      react: ^19.2.6

  react-refresh@0.18.0:
    resolution: {integrity: sha512-QgT5//D3jfjJb6Gsjxv0Slpj23ip+HtOpnNgnb2S5zU3CB26G/IDPGoy4RJB42wzFE46DRsstbW6tKHoKbhAxw==}
    engines: {node: '>=0.10.0'}

  react@19.2.6:
    resolution: {integrity: sha512-sfWGGfavi0xr8Pg0sVsyHMAOziVYKgPLNrS7ig+ivMNb3wbCBw3KxtflsGBAwD3gYQlE/AEZsTLgToRrSCjb0Q==}
    engines: {node: '>=0.10.0'}

  require-directory@2.1.1:
    resolution: {integrity: sha512-fGxEI7+wsG9xrvdjsrlmL22OMTTiHRwAMroiEeMgq8gzoLC/PQr7RsRDSTLUg/bZAZtF+TVIkHc6/4RIKrui+Q==}
    engines: {node: '>=0.10.0'}

  rxjs@7.8.2:
    resolution: {integrity: sha512-dhKf903U/PQZY6boNNtAGdWbG85WAbjT/1xYoZIC7FAY0yWapOBQVsVrDl58W86//e1VpMNBtRV4MaXfdMySFA==}

  scheduler@0.27.0:
    resolution: {integrity: sha512-eNv+WrVbKu1f3vbYJT/xtiF5syA5HPIMtf9IgY/nKg0sWqzAUEvqY/xm7OcZc/qafLx/iO9FgOmeSAp4v5ti/Q==}

  shell-quote@1.8.3:
    resolution: {integrity: sha512-ObmnIF4hXNg1BqhnHmgbDETF8dLPCggZWBjkQfhZpbszZnYur5DUljTcCHii5LC3J5E0yeO/1LIMyH+UvHQgyw==}
    engines: {node: '>= 0.4'}

  source-map-js@1.2.1:
    resolution: {integrity: sha512-UXWMKhLOwVKb728IUtQPXxfYU+usdybtUrK/8uGE8CQMvrhOpwvzDBwj0QhSL7MQc7vIsISBG8VQ8+IDQxpfQA==}
    engines: {node: '>=0.10.0'}

  string-width@4.2.3:
    resolution: {integrity: sha512-wKyQRQpjJ0sIp62ErSZdGsjMJWsap5oRNihHhu6G7JVO/9jIB6UyevL+tXuOqrng8j/cxKTWyWUwvSTriiZz/g==}
    engines: {node: '>=8'}

  strip-ansi@6.0.1:
    resolution: {integrity: sha512-Y38VPSHcqkFrCpFnQ9vuSXmquuv5oXOKpGeT6aGrr3o3Gc9AlVa6JBfUSOCnbxGGZF+/0ooI7KrPuUSztUdU5A==}
    engines: {node: '>=8'}

  supports-color@7.2.0:
    resolution: {integrity: sha512-qpCAvRl9stuOHveKsn7HncJRvv501qIacKzQlO/+Lwxc9+0q2wLyv4Dfvt80/DPn2pqOBsJdDiogXGR9+OvwRw==}
    engines: {node: '>=8'}

  supports-color@8.1.1:
    resolution: {integrity: sha512-MpUEN2OodtUzxvKQl72cUF7RQ5EiHsGvSsVG0ia9c5RbWGL2CI4C7EpPS8UTBIplnlzZiNuV56w+FuNxy3ty2Q==}
    engines: {node: '>=10'}

  tailwindcss@4.3.0:
    resolution: {integrity: sha512-y6nxMGB1nMW9R6k96e5gdIFzcfL/gTJRNaqGes1YvkLnPVXzWgbqFF2yLC0T8G774n24cx3Pe8XrKoniCOAH+Q==}

  tapable@2.3.3:
    resolution: {integrity: sha512-uxc/zpqFg6x7C8vOE7lh6Lbda8eEL9zmVm/PLeTPBRhh1xCgdWaQ+J1CUieGpIfm2HdtsUpRv+HshiasBMcc6A==}
    engines: {node: '>=6'}

  tree-kill@1.2.2:
    resolution: {integrity: sha512-L0Orpi8qGpRG//Nd+H90vFB+3iHnue1zSSGmNOOCh1GLJ7rUKVwV2HvijphGQS2UmhUZewS9VgvxYIdgr+fG1A==}
    hasBin: true

  tslib@2.8.1:
    resolution: {integrity: sha512-oJFu94HQb+KVduSUQL7wnpmqnfmLsOA/nAh6b6EH0wCEoK0/mPeXU6c3wKDV83MkOuHPRHtSXKKU99IBazS/2w==}

  typescript@6.0.3:
    resolution: {integrity: sha512-y2TvuxSZPDyQakkFRPZHKFm+KKVqIisdg9/CZwm9ftvKXLP8NRWj38/ODjNbr43SsoXqNuAisEf1GdCxqWcdBw==}
    engines: {node: '>=14.17'}
    hasBin: true

  undici-types@7.19.2:
    resolution: {integrity: sha512-qYVnV5OEm2AW8cJMCpdV20CDyaN3g0AjDlOGf1OW4iaDEx8MwdtChUp4zu4H0VP3nDRF/8RKWH+IPp9uW0YGZg==}

  undici-types@7.24.6:
    resolution: {integrity: sha512-WRNW+sJgj5OBN4/0JpHFqtqzhpbnV0GuB+OozA9gCL7a993SmU+1JBZCzLNxYsbMfIeDL+lTsphD5jN5N+n0zg==}

  wrap-ansi@7.0.0:
    resolution: {integrity: sha512-YVGIj2kamLSTxw6NsZjoBxfSwsn0ycdesmc4p+Q21c5zPuZ1pl+NfxVdxPtdHvmNVOQ6XSYG4AUtyt/Fi7D16Q==}
    engines: {node: '>=10'}

  ws@8.20.0:
    resolution: {integrity: sha512-sAt8BhgNbzCtgGbt2OxmpuryO63ZoDk/sqaB/znQm94T4fCEsy/yV+7CdC1kJhOU9lboAEU7R3kquuycDoibVA==}
    engines: {node: '>=10.0.0'}
    peerDependencies:
      bufferutil: ^4.0.1
      utf-8-validate: '>=5.0.2'
    peerDependenciesMeta:
      bufferutil:
        optional: true
      utf-8-validate:
        optional: true

  y18n@5.0.8:
    resolution: {integrity: sha512-0pfFzegeDWJHJIAmTLRP2DwHjdF5s7jo9tuztdQxAhINCdvS+3nGINqPd00AphqJR/0LhANUS6/+7SCb98YOfA==}
    engines: {node: '>=10'}

  yargs-parser@21.1.1:
    resolution: {integrity: sha512-tVpsJW7DdjecAiFpbIB1e3qxIQsE6NoPc5/eTdrbbIC4h0LVsWhnoa3g+m2HclBIujHzsxZ4VJVA+GUuc2/LBw==}
    engines: {node: '>=12'}

  yargs@17.7.2:
    resolution: {integrity: sha512-7dSzzRQ++CKnNI/krKnYRV7JKKPUXMEh61soaHKg9mrWEhzFWhFnxPxGl+69cD1Ou63C13NUPCnmIcrvqCuM6w==}
    engines: {node: '>=12'}

  zod@4.4.3:
    resolution: {integrity: sha512-ytENFjIJFl2UwYglde2jchW2Hwm4GJFLDiSXWdTrJQBIN9Fcyp7n4DhxJEiWNAJMV1/BqWfW/kkg71UDcHJyTQ==}

snapshots:

  '@alloc/quick-lru@5.2.0': {}

  '@emnapi/core@1.10.0':
    dependencies:
      '@emnapi/wasi-threads': 1.2.1
      tslib: 2.8.1
    optional: true

  '@emnapi/runtime@1.10.0':
    dependencies:
      tslib: 2.8.1
    optional: true

  '@emnapi/wasi-threads@1.2.1':
    dependencies:
      tslib: 2.8.1
    optional: true

  '@jridgewell/gen-mapping@0.3.13':
    dependencies:
      '@jridgewell/sourcemap-codec': 1.5.5
      '@jridgewell/trace-mapping': 0.3.31

  '@jridgewell/remapping@2.3.5':
    dependencies:
      '@jridgewell/gen-mapping': 0.3.13
      '@jridgewell/trace-mapping': 0.3.31

  '@jridgewell/resolve-uri@3.1.2': {}

  '@jridgewell/sourcemap-codec@1.5.5': {}

  '@jridgewell/trace-mapping@0.3.31':
    dependencies:
      '@jridgewell/resolve-uri': 3.1.2
      '@jridgewell/sourcemap-codec': 1.5.5

  '@napi-rs/wasm-runtime@1.1.4(@emnapi/core@1.10.0)(@emnapi/runtime@1.10.0)':
    dependencies:
      '@emnapi/core': 1.10.0
      '@emnapi/runtime': 1.10.0
      '@tybys/wasm-util': 0.10.2
    optional: true

  '@rsbuild/core@2.0.6':
    dependencies:
      '@rspack/core': 2.0.4(@swc/helpers@0.5.21)
      '@swc/helpers': 0.5.21
    transitivePeerDependencies:
      - '@module-federation/runtime-tools'

  '@rsbuild/plugin-react@2.0.0(@rsbuild/core@2.0.6)(@rspack/core@2.0.4(@swc/helpers@0.5.21))':
    dependencies:
      '@rspack/plugin-react-refresh': 2.0.0(@rspack/core@2.0.4(@swc/helpers@0.5.21))(react-refresh@0.18.0)
      react-refresh: 0.18.0
    optionalDependencies:
      '@rsbuild/core': 2.0.6
    transitivePeerDependencies:
      - '@rspack/core'

  '@rspack/binding-darwin-arm64@2.0.4':
    optional: true

  '@rspack/binding-darwin-x64@2.0.4':
    optional: true

  '@rspack/binding-linux-arm64-gnu@2.0.4':
    optional: true

  '@rspack/binding-linux-arm64-musl@2.0.4':
    optional: true

  '@rspack/binding-linux-x64-gnu@2.0.4':
    optional: true

  '@rspack/binding-linux-x64-musl@2.0.4':
    optional: true

  '@rspack/binding-wasm32-wasi@2.0.4':
    dependencies:
      '@emnapi/core': 1.10.0
      '@emnapi/runtime': 1.10.0
      '@napi-rs/wasm-runtime': 1.1.4(@emnapi/core@1.10.0)(@emnapi/runtime@1.10.0)
    optional: true

  '@rspack/binding-win32-arm64-msvc@2.0.4':
    optional: true

  '@rspack/binding-win32-ia32-msvc@2.0.4':
    optional: true

  '@rspack/binding-win32-x64-msvc@2.0.4':
    optional: true

  '@rspack/binding@2.0.4':
    optionalDependencies:
      '@rspack/binding-darwin-arm64': 2.0.4
      '@rspack/binding-darwin-x64': 2.0.4
      '@rspack/binding-linux-arm64-gnu': 2.0.4
      '@rspack/binding-linux-arm64-musl': 2.0.4
      '@rspack/binding-linux-x64-gnu': 2.0.4
      '@rspack/binding-linux-x64-musl': 2.0.4
      '@rspack/binding-wasm32-wasi': 2.0.4
      '@rspack/binding-win32-arm64-msvc': 2.0.4
      '@rspack/binding-win32-ia32-msvc': 2.0.4
      '@rspack/binding-win32-x64-msvc': 2.0.4

  '@rspack/core@2.0.4(@swc/helpers@0.5.21)':
    dependencies:
      '@rspack/binding': 2.0.4
    optionalDependencies:
      '@swc/helpers': 0.5.21

  '@rspack/plugin-react-refresh@2.0.0(@rspack/core@2.0.4(@swc/helpers@0.5.21))(react-refresh@0.18.0)':
    dependencies:
      react-refresh: 0.18.0
    optionalDependencies:
      '@rspack/core': 2.0.4(@swc/helpers@0.5.21)

  '@swc/helpers@0.5.21':
    dependencies:
      tslib: 2.8.1

  '@tailwindcss/node@4.3.0':
    dependencies:
      '@jridgewell/remapping': 2.3.5
      enhanced-resolve: 5.21.6
      jiti: 2.7.0
      lightningcss: 1.32.0
      magic-string: 0.30.21
      source-map-js: 1.2.1
      tailwindcss: 4.3.0

  '@tailwindcss/oxide-android-arm64@4.3.0':
    optional: true

  '@tailwindcss/oxide-darwin-arm64@4.3.0':
    optional: true

  '@tailwindcss/oxide-darwin-x64@4.3.0':
    optional: true

  '@tailwindcss/oxide-freebsd-x64@4.3.0':
    optional: true

  '@tailwindcss/oxide-linux-arm-gnueabihf@4.3.0':
    optional: true

  '@tailwindcss/oxide-linux-arm64-gnu@4.3.0':
    optional: true

  '@tailwindcss/oxide-linux-arm64-musl@4.3.0':
    optional: true

  '@tailwindcss/oxide-linux-x64-gnu@4.3.0':
    optional: true

  '@tailwindcss/oxide-linux-x64-musl@4.3.0':
    optional: true

  '@tailwindcss/oxide-wasm32-wasi@4.3.0':
    optional: true

  '@tailwindcss/oxide-win32-arm64-msvc@4.3.0':
    optional: true

  '@tailwindcss/oxide-win32-x64-msvc@4.3.0':
    optional: true

  '@tailwindcss/oxide@4.3.0':
    optionalDependencies:
      '@tailwindcss/oxide-android-arm64': 4.3.0
      '@tailwindcss/oxide-darwin-arm64': 4.3.0
      '@tailwindcss/oxide-darwin-x64': 4.3.0
      '@tailwindcss/oxide-freebsd-x64': 4.3.0
      '@tailwindcss/oxide-linux-arm-gnueabihf': 4.3.0
      '@tailwindcss/oxide-linux-arm64-gnu': 4.3.0
      '@tailwindcss/oxide-linux-arm64-musl': 4.3.0
      '@tailwindcss/oxide-linux-x64-gnu': 4.3.0
      '@tailwindcss/oxide-linux-x64-musl': 4.3.0
      '@tailwindcss/oxide-wasm32-wasi': 4.3.0
      '@tailwindcss/oxide-win32-arm64-msvc': 4.3.0
      '@tailwindcss/oxide-win32-x64-msvc': 4.3.0

  '@tailwindcss/postcss@4.3.0':
    dependencies:
      '@alloc/quick-lru': 5.2.0
      '@tailwindcss/node': 4.3.0
      '@tailwindcss/oxide': 4.3.0
      postcss: 8.5.15
      tailwindcss: 4.3.0

  '@tanstack/query-core@5.100.11': {}

  '@tanstack/react-query@5.100.11(react@19.2.6)':
    dependencies:
      '@tanstack/query-core': 5.100.11
      react: 19.2.6

  '@trpc/client@11.17.0(@trpc/server@11.17.0(typescript@6.0.3))(typescript@6.0.3)':
    dependencies:
      '@trpc/server': 11.17.0(typescript@6.0.3)
      typescript: 6.0.3

  '@trpc/server@11.17.0(typescript@6.0.3)':
    dependencies:
      typescript: 6.0.3

  '@trpc/tanstack-react-query@11.17.0(@tanstack/react-query@5.100.11(react@19.2.6))(@trpc/client@11.17.0(@trpc/server@11.17.0(typescript@6.0.3))(typescript@6.0.3))(@trpc/server@11.17.0(typescript@6.0.3))(react@19.2.6)(typescript@6.0.3)':
    dependencies:
      '@tanstack/react-query': 5.100.11(react@19.2.6)
      '@trpc/client': 11.17.0(@trpc/server@11.17.0(typescript@6.0.3))(typescript@6.0.3)
      '@trpc/server': 11.17.0(typescript@6.0.3)
      react: 19.2.6
      typescript: 6.0.3

  '@tybys/wasm-util@0.10.2':
    dependencies:
      tslib: 2.8.1
    optional: true

  '@types/event-source-polyfill@1.0.5': {}

  '@types/node@25.6.2':
    dependencies:
      undici-types: 7.19.2

  '@types/node@25.9.1':
    dependencies:
      undici-types: 7.24.6

  '@types/react-dom@19.2.3(@types/react@19.2.15)':
    dependencies:
      '@types/react': 19.2.15

  '@types/react@19.2.15':
    dependencies:
      csstype: 3.2.3

  '@types/ws@8.18.1':
    dependencies:
      '@types/node': 25.6.2

  ansi-regex@5.0.1: {}

  ansi-styles@4.3.0:
    dependencies:
      color-convert: 2.0.1

  chalk@4.1.2:
    dependencies:
      ansi-styles: 4.3.0
      supports-color: 7.2.0

  cliui@8.0.1:
    dependencies:
      string-width: 4.2.3
      strip-ansi: 6.0.1
      wrap-ansi: 7.0.0

  color-convert@2.0.1:
    dependencies:
      color-name: 1.1.4

  color-name@1.1.4: {}

  concurrently@9.2.1:
    dependencies:
      chalk: 4.1.2
      rxjs: 7.8.2
      shell-quote: 1.8.3
      supports-color: 8.1.1
      tree-kill: 1.2.2
      yargs: 17.7.2

  csstype@3.2.3: {}

  detect-libc@2.1.2: {}

  emoji-regex@8.0.0: {}

  enhanced-resolve@5.21.6:
    dependencies:
      graceful-fs: 4.2.11
      tapable: 2.3.3

  escalade@3.2.0: {}

  event-source-polyfill@1.0.31: {}

  get-caller-file@2.0.5: {}

  graceful-fs@4.2.11: {}

  has-flag@4.0.0: {}

  is-fullwidth-code-point@3.0.0: {}

  jiti@2.7.0: {}

  lightningcss-android-arm64@1.32.0:
    optional: true

  lightningcss-darwin-arm64@1.32.0:
    optional: true

  lightningcss-darwin-x64@1.32.0:
    optional: true

  lightningcss-freebsd-x64@1.32.0:
    optional: true

  lightningcss-linux-arm-gnueabihf@1.32.0:
    optional: true

  lightningcss-linux-arm64-gnu@1.32.0:
    optional: true

  lightningcss-linux-arm64-musl@1.32.0:
    optional: true

  lightningcss-linux-x64-gnu@1.32.0:
    optional: true

  lightningcss-linux-x64-musl@1.32.0:
    optional: true

  lightningcss-win32-arm64-msvc@1.32.0:
    optional: true

  lightningcss-win32-x64-msvc@1.32.0:
    optional: true

  lightningcss@1.32.0:
    dependencies:
      detect-libc: 2.1.2
    optionalDependencies:
      lightningcss-android-arm64: 1.32.0
      lightningcss-darwin-arm64: 1.32.0
      lightningcss-darwin-x64: 1.32.0
      lightningcss-freebsd-x64: 1.32.0
      lightningcss-linux-arm-gnueabihf: 1.32.0
      lightningcss-linux-arm64-gnu: 1.32.0
      lightningcss-linux-arm64-musl: 1.32.0
      lightningcss-linux-x64-gnu: 1.32.0
      lightningcss-linux-x64-musl: 1.32.0
      lightningcss-win32-arm64-msvc: 1.32.0
      lightningcss-win32-x64-msvc: 1.32.0

  magic-string@0.30.21:
    dependencies:
      '@jridgewell/sourcemap-codec': 1.5.5

  nanoid@3.3.12: {}

  picocolors@1.1.1: {}

  postcss@8.5.15:
    dependencies:
      nanoid: 3.3.12
      picocolors: 1.1.1
      source-map-js: 1.2.1

  react-dom@19.2.6(react@19.2.6):
    dependencies:
      react: 19.2.6
      scheduler: 0.27.0

  react-refresh@0.18.0: {}

  react@19.2.6: {}

  require-directory@2.1.1: {}

  rxjs@7.8.2:
    dependencies:
      tslib: 2.8.1

  scheduler@0.27.0: {}

  shell-quote@1.8.3: {}

  source-map-js@1.2.1: {}

  string-width@4.2.3:
    dependencies:
      emoji-regex: 8.0.0
      is-fullwidth-code-point: 3.0.0
      strip-ansi: 6.0.1

  strip-ansi@6.0.1:
    dependencies:
      ansi-regex: 5.0.1

  supports-color@7.2.0:
    dependencies:
      has-flag: 4.0.0

  supports-color@8.1.1:
    dependencies:
      has-flag: 4.0.0

  tailwindcss@4.3.0: {}

  tapable@2.3.3: {}

  tree-kill@1.2.2: {}

  tslib@2.8.1: {}

  typescript@6.0.3: {}

  undici-types@7.19.2: {}

  undici-types@7.24.6: {}

  wrap-ansi@7.0.0:
    dependencies:
      ansi-styles: 4.3.0
      string-width: 4.2.3
      strip-ansi: 6.0.1

  ws@8.20.0: {}

  y18n@5.0.8: {}

  yargs-parser@21.1.1: {}

  yargs@17.7.2:
    dependencies:
      cliui: 8.0.1
      escalade: 3.2.0
      get-caller-file: 2.0.5
      require-directory: 2.1.1
      string-width: 4.2.3
      y18n: 5.0.8
      yargs-parser: 21.1.1

  zod@4.4.3: {}
